
Microsoft Visual Studio Solution File, Format Version 12.00
# Visual Studio 15
VisualStudioVersion = 15.0.27703.2035
MinimumVisualStudioVersion = 10.0.40219.1
Project("{8BC9CEB8-8B4A-11D0-8D11-00A0C91BC942}") = "billiards", "billiards\billiards.vcxproj", "{1E9B5B86-B4F0-43A3-B50D-A5F4DF400486}"
EndProject
Global
	GlobalSection(SolutionConfigurationPlatforms) = preSolution
		Debug|x64 = Debug|x64
		Debug|x86 = Debug|x86
		Release|x64 = Release|x64
		Release|x86 = Release|x86
	EndGlobalSection
	GlobalSection(ProjectConfigurationPlatforms) = postSolution
		{1E9B5B86-B4F0-43A3-B50D-A5F4DF400486}.Debug|x64.ActiveCfg = Debug|x64
		{1E9B5B86-B4F0-43A3-B50D-A5F4DF400486}.Debug|x64.Build.0 = Debug|x64
		{1E9B5B86-B4F0-43A3-B50D-A5F4DF400486}.Debug|x86.ActiveCfg = Debug|Win32
		{1E9B5B86-B4F0-43A3-B50D-A5F4DF400486}.Debug|x86.Build.0 = Debug|Win32
		{1E9B5B86-B4F0-43A3-B50D-A5F4DF400486}.Release|x64.ActiveCfg = Release|x64
		{1E9B5B86-B4F0-43A3-B50D-A5F4DF400486}.Release|x64.Build.0 = Release|x64
		{1E9B5B86-B4F0-43A3-B50D-A5F4DF400486}.Release|x86.ActiveCfg = Release|Win32
		{1E9B5B86-B4F0-43A3-B50D-A5F4DF400486}.Release|x86.Build.0 = Release|Win32
	EndGlobalSection
	GlobalSection(SolutionProperties) = preSolution
		HideSolutionNode = FALSE
	EndGlobalSection
	GlobalSection(ExtensibilityGlobals) = postSolution
		SolutionGuid = {F12A5BB5-DC34-4452-9528-D1074201DADB}
	EndGlobalSection
EndGlobal
